Microsoft Visual Studio Solution File, Format Version 11.00
# Visual Studio 2010
Project("{FAE04EC0-301F-11D3-BF4B-00C04F79EFBC}") = "Assembly-CSharp-firstpass", "Assembly-CSharp-firstpass.csproj", "{F7591C71-F4A9-A4AC-3FAE-57C690FE66D6}"
EndProject
Project("{FAE04EC0-301F-11D3-BF4B-00C04F79EFBC}") = "Assembly-CSharp", "Assembly-CSharp.csproj", "{4EC8343E-75C9-246A-E79F-06C1CB66EAA6}"
EndProject
Project("{FAE04EC0-301F-11D3-BF4B-00C04F79EFBC}") = "Assembly-CSharp-Editor", "Assembly-CSharp-Editor.csproj", "{9CD9EFE9-93F5-25B1-AB50-EE0DBD2D232A}"
EndProject
Project("{FAE04EC0-301F-11D3-BF4B-00C04F79EFBC}") = "Assembly-CSharp-Editor-firstpass", "Assembly-CSharp-Editor-firstpass.csproj", "{CC37A42F-B46F-1980-BE6B-4A230792E8BA}"
EndProject
Global
	GlobalSection(SolutionConfigurationPlatforms) = preSolution
		Debug|Any CPU = Debug|Any CPU
		Release|Any CPU = Release|Any CPU
	EndGlobalSection
	GlobalSection(ProjectConfigurationPlatforms) = postSolution
		{F7591C71-F4A9-A4AC-3FAE-57C690FE66D6}.Debug|Any CPU.ActiveCfg = Debug|Any CPU
		{F7591C71-F4A9-A4AC-3FAE-57C690FE66D6}.Debug|Any CPU.Build.0 = Debug|Any CPU
		{F7591C71-F4A9-A4AC-3FAE-57C690FE66D6}.Release|Any CPU.ActiveCfg = Release|Any CPU
		{F7591C71-F4A9-A4AC-3FAE-57C690FE66D6}.Release|Any CPU.Build.0 = Release|Any CPU
		{4EC8343E-75C9-246A-E79F-06C1CB66EAA6}.Debug|Any CPU.ActiveCfg = Debug|Any CPU
		{4EC8343E-75C9-246A-E79F-06C1CB66EAA6}.Debug|Any CPU.Build.0 = Debug|Any CPU
		{4EC8343E-75C9-246A-E79F-06C1CB66EAA6}.Release|Any CPU.ActiveCfg = Release|Any CPU
		{4EC8343E-75C9-246A-E79F-06C1CB66EAA6}.Release|Any CPU.Build.0 = Release|Any CPU
		{9CD9EFE9-93F5-25B1-AB50-EE0DBD2D232A}.Debug|Any CPU.ActiveCfg = Debug|Any CPU
		{9CD9EFE9-93F5-25B1-AB50-EE0DBD2D232A}.Debug|Any CPU.Build.0 = Debug|Any CPU
		{9CD9EFE9-93F5-25B1-AB50-EE0DBD2D232A}.Release|Any CPU.ActiveCfg = Release|Any CPU
		{9CD9EFE9-93F5-25B1-AB50-EE0DBD2D232A}.Release|Any CPU.Build.0 = Release|Any CPU
		{CC37A42F-B46F-1980-BE6B-4A230792E8BA}.Debug|Any CPU.ActiveCfg = Debug|Any CPU
		{CC37A42F-B46F-1980-BE6B-4A230792E8BA}.Debug|Any CPU.Build.0 = Debug|Any CPU
		{CC37A42F-B46F-1980-BE6B-4A230792E8BA}.Release|Any CPU.ActiveCfg = Release|Any CPU
		{CC37A42F-B46F-1980-BE6B-4A230792E8BA}.Release|Any CPU.Build.0 = Release|Any CPU
	EndGlobalSection
	GlobalSection(SolutionProperties) = preSolution
		HideSolutionNode = FALSE
	EndGlobalSection
	GlobalSection(MonoDevelopProperties) = preSolution
		StartupItem = Assembly-CSharp.csproj
	EndGlobalSection
EndGlobal
